
Microsoft Visual Studio Solution File, Format Version 12.00
# Visual Studio 2013
VisualStudioVersion = 12.0.21005.1
MinimumVisualStudioVersion = 10.0.40219.1
Project("{FAE04EC0-301F-11D3-BF4B-00C04F79EFBC}") = "OfficeSystem", "OfficeSystem\OfficeSystem.csproj", "{31256B6D-B26E-435F-823B-47C4347D4EBB}"
EndProject
Project("{FAE04EC0-301F-11D3-BF4B-00C04F79EFBC}") = "MVC", "MVC\MVC.csproj", "{83EFFB40-4951-40A2-A7FC-888AD4414396}"
EndProject
Global
	GlobalSection(SolutionConfigurationPlatforms) = preSolution
		Debug|Any CPU = Debug|Any CPU
		Release|Any CPU = Release|Any CPU
	EndGlobalSection
	GlobalSection(ProjectConfigurationPlatforms) = postSolution
		{31256B6D-B26E-435F-823B-47C4347D4EBB}.Debug|Any CPU.ActiveCfg = Debug|Any CPU
		{31256B6D-B26E-435F-823B-47C4347D4EBB}.Debug|Any CPU.Build.0 = Debug|Any CPU
		{31256B6D-B26E-435F-823B-47C4347D4EBB}.Release|Any CPU.ActiveCfg = Release|Any CPU
		{31256B6D-B26E-435F-823B-47C4347D4EBB}.Release|Any CPU.Build.0 = Release|Any CPU
		{83EFFB40-4951-40A2-A7FC-888AD4414396}.Debug|Any CPU.ActiveCfg = Debug|Any CPU
		{83EFFB40-4951-40A2-A7FC-888AD4414396}.Debug|Any CPU.Build.0 = Debug|Any CPU
		{83EFFB40-4951-40A2-A7FC-888AD4414396}.Release|Any CPU.ActiveCfg = Release|Any CPU
		{83EFFB40-4951-40A2-A7FC-888AD4414396}.Release|Any CPU.Build.0 = Release|Any CPU
	EndGlobalSection
	GlobalSection(SolutionProperties) = preSolution
		HideSolutionNode = FALSE
	EndGlobalSection
EndGlobal
